
Microsoft Visual Studio Solution File, Format Version 12.00
# Visual Studio 15
VisualStudioVersion = 15.0.28307.1684
MinimumVisualStudioVersion = 10.0.40219.1
Project("{888888A0-9F3D-457C-B088-3A5042F75D52}") = "decision_tree", "decision_tree\decision_tree.pyproj", "{DBABC247-3D1A-43AE-9CA1-4C805895CAEA}"
EndProject
Global
	GlobalSection(SolutionConfigurationPlatforms) = preSolution
		Debug|Any CPU = Debug|Any CPU
		Release|Any CPU = Release|Any CPU
	EndGlobalSection
	GlobalSection(ProjectConfigurationPlatforms) = postSolution
		{DBABC247-3D1A-43AE-9CA1-4C805895CAEA}.Debug|Any CPU.ActiveCfg = Debug|Any CPU
		{DBABC247-3D1A-43AE-9CA1-4C805895CAEA}.Release|Any CPU.ActiveCfg = Release|Any CPU
	EndGlobalSection
	GlobalSection(SolutionProperties) = preSolution
		HideSolutionNode = FALSE
	EndGlobalSection
	GlobalSection(ExtensibilityGlobals) = postSolution
		SolutionGuid = {CD66F60B-E504-461D-B4D7-0B7FAB1651F1}
	EndGlobalSection
EndGlobal
